Microsoft Visual Studio Solution File, Format Version 12.00
# Visual Studio Version 17
VisualStudioVersion = 17.10.35122.118
MinimumVisualStudioVersion = 10.0.40219.1
Project("{9A19103F-16F7-4668-BE54-9A1E7A4F7556}") = "LogTool", "LogTool\LogTool.csproj", "{29912E7C-724C-4E60-98F8-E6B5CC41CBD2}"
EndProject
Project("{9A19103F-16F7-4668-BE54-9A1E7A4F7556}") = "UtilYwh", "UtilYwh\UtilYwh.csproj", "{1EE22204-4811-46D3-AA80-1A2DF50A3C83}"
EndProject
Project("{9A19103F-16F7-4668-BE54-9A1E7A4F7556}") = "UtilUIYwh", "UtilUIYwh\UtilUIYwh.csproj", "{14F68BA3-E1FE-427B-81C4-95F075DFCF6E}"
EndProject
Project("{9A19103F-16F7-4668-BE54-9A1E7A4F7556}") = "CommunicationUtilYwh", "CommunicationUtilYwh\CommunicationUtilYwh.csproj", "{090B0E1F-85F5-451E-B546-FBE7C2AFBAB8}"
EndProject
Project("{9A19103F-16F7-4668-BE54-9A1E7A4F7556}") = "ScadaBase.DAL", "ScadaBase.DAL\ScadaBase.DAL.csproj", "{BA60097F-FC17-449F-97CF-0CD410686B51}"
EndProject
Project("{9A19103F-16F7-4668-BE54-9A1E7A4F7556}") = "ScanApp", "ScanApp.Main\ScanApp.csproj", "{2D3F1380-CF47-4C82-902A-C54025E3E9FA}"
EndProject
Global
	GlobalSection(SolutionConfigurationPlatforms) = preSolution
		Debug|Any CPU = Debug|Any CPU
		Debug|x64 = Debug|x64
		Release|Any CPU = Release|Any CPU
		Release|x64 = Release|x64
	EndGlobalSection
	GlobalSection(ProjectConfigurationPlatforms) = postSolution
		{29912E7C-724C-4E60-98F8-E6B5CC41CBD2}.Debug|Any CPU.ActiveCfg = Debug|Any CPU
		{29912E7C-724C-4E60-98F8-E6B5CC41CBD2}.Debug|Any CPU.Build.0 = Debug|Any CPU
		{29912E7C-724C-4E60-98F8-E6B5CC41CBD2}.Debug|x64.ActiveCfg = Debug|x64
		{29912E7C-724C-4E60-98F8-E6B5CC41CBD2}.Debug|x64.Build.0 = Debug|x64
		{29912E7C-724C-4E60-98F8-E6B5CC41CBD2}.Release|Any CPU.ActiveCfg = Release|Any CPU
		{29912E7C-724C-4E60-98F8-E6B5CC41CBD2}.Release|Any CPU.Build.0 = Release|Any CPU
		{29912E7C-724C-4E60-98F8-E6B5CC41CBD2}.Release|x64.ActiveCfg = Release|x64
		{29912E7C-724C-4E60-98F8-E6B5CC41CBD2}.Release|x64.Build.0 = Release|x64
		{1EE22204-4811-46D3-AA80-1A2DF50A3C83}.Debug|Any CPU.ActiveCfg = Debug|Any CPU
		{1EE22204-4811-46D3-AA80-1A2DF50A3C83}.Debug|Any CPU.Build.0 = Debug|Any CPU
		{1EE22204-4811-46D3-AA80-1A2DF50A3C83}.Debug|x64.ActiveCfg = Debug|Any CPU
		{1EE22204-4811-46D3-AA80-1A2DF50A3C83}.Debug|x64.Build.0 = Debug|Any CPU
		{1EE22204-4811-46D3-AA80-1A2DF50A3C83}.Release|Any CPU.ActiveCfg = Release|Any CPU
		{1EE22204-4811-46D3-AA80-1A2DF50A3C83}.Release|Any CPU.Build.0 = Release|Any CPU
		{1EE22204-4811-46D3-AA80-1A2DF50A3C83}.Release|x64.ActiveCfg = Release|Any CPU
		{1EE22204-4811-46D3-AA80-1A2DF50A3C83}.Release|x64.Build.0 = Release|Any CPU
		{14F68BA3-E1FE-427B-81C4-95F075DFCF6E}.Debug|Any CPU.ActiveCfg = Debug|Any CPU
		{14F68BA3-E1FE-427B-81C4-95F075DFCF6E}.Debug|Any CPU.Build.0 = Debug|Any CPU
		{14F68BA3-E1FE-427B-81C4-95F075DFCF6E}.Debug|x64.ActiveCfg = Debug|Any CPU
		{14F68BA3-E1FE-427B-81C4-95F075DFCF6E}.Debug|x64.Build.0 = Debug|Any CPU
		{14F68BA3-E1FE-427B-81C4-95F075DFCF6E}.Release|Any CPU.ActiveCfg = Release|Any CPU
		{14F68BA3-E1FE-427B-81C4-95F075DFCF6E}.Release|Any CPU.Build.0 = Release|Any CPU
		{14F68BA3-E1FE-427B-81C4-95F075DFCF6E}.Release|x64.ActiveCfg = Release|Any CPU
		{14F68BA3-E1FE-427B-81C4-95F075DFCF6E}.Release|x64.Build.0 = Release|Any CPU
		{090B0E1F-85F5-451E-B546-FBE7C2AFBAB8}.Debug|Any CPU.ActiveCfg = Debug|Any CPU
		{090B0E1F-85F5-451E-B546-FBE7C2AFBAB8}.Debug|Any CPU.Build.0 = Debug|Any CPU
		{090B0E1F-85F5-451E-B546-FBE7C2AFBAB8}.Debug|x64.ActiveCfg = Debug|Any CPU
		{090B0E1F-85F5-451E-B546-FBE7C2AFBAB8}.Debug|x64.Build.0 = Debug|Any CPU
		{090B0E1F-85F5-451E-B546-FBE7C2AFBAB8}.Release|Any CPU.ActiveCfg = Release|Any CPU
		{090B0E1F-85F5-451E-B546-FBE7C2AFBAB8}.Release|Any CPU.Build.0 = Release|Any CPU
		{090B0E1F-85F5-451E-B546-FBE7C2AFBAB8}.Release|x64.ActiveCfg = Release|Any CPU
		{090B0E1F-85F5-451E-B546-FBE7C2AFBAB8}.Release|x64.Build.0 = Release|Any CPU
		{BA60097F-FC17-449F-97CF-0CD410686B51}.Debug|Any CPU.ActiveCfg = Debug|Any CPU
		{BA60097F-FC17-449F-97CF-0CD410686B51}.Debug|Any CPU.Build.0 = Debug|Any CPU
		{BA60097F-FC17-449F-97CF-0CD410686B51}.Debug|x64.ActiveCfg = Debug|Any CPU
		{BA60097F-FC17-449F-97CF-0CD410686B51}.Debug|x64.Build.0 = Debug|Any CPU
		{BA60097F-FC17-449F-97CF-0CD410686B51}.Release|Any CPU.ActiveCfg = Release|Any CPU
		{BA60097F-FC17-449F-97CF-0CD410686B51}.Release|Any CPU.Build.0 = Release|Any CPU
		{BA60097F-FC17-449F-97CF-0CD410686B51}.Release|x64.ActiveCfg = Release|Any CPU
		{BA60097F-FC17-449F-97CF-0CD410686B51}.Release|x64.Build.0 = Release|Any CPU
		{2D3F1380-CF47-4C82-902A-C54025E3E9FA}.Debug|Any CPU.ActiveCfg = Debug|Any CPU
		{2D3F1380-CF47-4C82-902A-C54025E3E9FA}.Debug|Any CPU.Build.0 = Debug|Any CPU
		{2D3F1380-CF47-4C82-902A-C54025E3E9FA}.Debug|x64.ActiveCfg = Debug|Any CPU
		{2D3F1380-CF47-4C82-902A-C54025E3E9FA}.Debug|x64.Build.0 = Debug|Any CPU
		{2D3F1380-CF47-4C82-902A-C54025E3E9FA}.Release|Any CPU.ActiveCfg = Release|Any CPU
		{2D3F1380-CF47-4C82-902A-C54025E3E9FA}.Release|Any CPU.Build.0 = Release|Any CPU
		{2D3F1380-CF47-4C82-902A-C54025E3E9FA}.Release|x64.ActiveCfg = Release|Any CPU
		{2D3F1380-CF47-4C82-902A-C54025E3E9FA}.Release|x64.Build.0 = Release|Any CPU
	EndGlobalSection
	GlobalSection(SolutionProperties) = preSolution
		HideSolutionNode = FALSE
	EndGlobalSection
	GlobalSection(ExtensibilityGlobals) = postSolution
		SolutionGuid = {78C0BE03-35CE-4BC8-BE98-247C16C08823}
	EndGlobalSection
EndGlobal
